
Microsoft Visual Studio Solution File, Format Version 12.00
# Visual Studio Version 17
VisualStudioVersion = 17.7.34031.279
MinimumVisualStudioVersion = 10.0.40219.1
Project("{FAE04EC0-301F-11D3-BF4B-00C04F79EFBC}") = "FINAL PROJECT GV5", "FINAL PROJECT GV5.csproj", "{2AA2BEE2-C427-4007-92F1-78D272DA52DA}"
EndProject
Global
	GlobalSection(SolutionConfigurationPlatforms) = preSolution
		Debug|Any CPU = Debug|Any CPU
		Release|Any CPU = Release|Any CPU
	EndGlobalSection
	GlobalSection(ProjectConfigurationPlatforms) = postSolution
		{2AA2BEE2-C427-4007-92F1-78D272DA52DA}.Debug|Any CPU.ActiveCfg = Debug|Any CPU
		{2AA2BEE2-C427-4007-92F1-78D272DA52DA}.Debug|Any CPU.Build.0 = Debug|Any CPU
		{2AA2BEE2-C427-4007-92F1-78D272DA52DA}.Release|Any CPU.ActiveCfg = Release|Any CPU
		{2AA2BEE2-C427-4007-92F1-78D272DA52DA}.Release|Any CPU.Build.0 = Release|Any CPU
	EndGlobalSection
	GlobalSection(SolutionProperties) = preSolution
		HideSolutionNode = FALSE
	EndGlobalSection
	GlobalSection(ExtensibilityGlobals) = postSolution
		SolutionGuid = {64FFA570-E84C-472A-9D3D-E2ED0FFBCAF6}
	EndGlobalSection
EndGlobal
